
Microsoft Visual Studio Solution File, Format Version 12.00
# Visual Studio 15
VisualStudioVersion = 15.0.28010.2003
MinimumVisualStudioVersion = 10.0.40219.1
Project("{FAE04EC0-301F-11D3-BF4B-00C04F79EFBC}") = "CoshelcTask", "CoshelcTask\CoshelcTask.csproj", "{51F1E8B8-0F3B-48BE-99A0-ADF9ED7BCD39}"
EndProject
Global
	GlobalSection(SolutionConfigurationPlatforms) = preSolution
		Debug|Any CPU = Debug|Any CPU
		Release|Any CPU = Release|Any CPU
	EndGlobalSection
	GlobalSection(ProjectConfigurationPlatforms) = postSolution
		{51F1E8B8-0F3B-48BE-99A0-ADF9ED7BCD39}.Debug|Any CPU.ActiveCfg = Debug|Any CPU
		{51F1E8B8-0F3B-48BE-99A0-ADF9ED7BCD39}.Debug|Any CPU.Build.0 = Debug|Any CPU
		{51F1E8B8-0F3B-48BE-99A0-ADF9ED7BCD39}.Release|Any CPU.ActiveCfg = Release|Any CPU
		{51F1E8B8-0F3B-48BE-99A0-ADF9ED7BCD39}.Release|Any CPU.Build.0 = Release|Any CPU
	EndGlobalSection
	GlobalSection(SolutionProperties) = preSolution
		HideSolutionNode = FALSE
	EndGlobalSection
	GlobalSection(ExtensibilityGlobals) = postSolution
		SolutionGuid = {EEC832B6-BA13-49AF-A0C1-581EACC2CFE5}
	EndGlobalSection
EndGlobal
